
Microsoft Visual Studio Solution File, Format Version 12.00
# Visual Studio Version 17
VisualStudioVersion = 17.6.33723.286
MinimumVisualStudioVersion = 10.0.40219.1
Project("{FAE04EC0-301F-11D3-BF4B-00C04F79EFBC}") = "PatientVisitApp", "PatientVisitApp\PatientVisitApp.csproj", "{3B14C606-BF93-4C90-A3F5-C724E90E88DE}"
EndProject
Global
	GlobalSection(SolutionConfigurationPlatforms) = preSolution
		Debug|Any CPU = Debug|Any CPU
		Release|Any CPU = Release|Any CPU
	EndGlobalSection
	GlobalSection(ProjectConfigurationPlatforms) = postSolution
		{3B14C606-BF93-4C90-A3F5-C724E90E88DE}.Debug|Any CPU.ActiveCfg = Debug|Any CPU
		{3B14C606-BF93-4C90-A3F5-C724E90E88DE}.Debug|Any CPU.Build.0 = Debug|Any CPU
		{3B14C606-BF93-4C90-A3F5-C724E90E88DE}.Release|Any CPU.ActiveCfg = Release|Any CPU
		{3B14C606-BF93-4C90-A3F5-C724E90E88DE}.Release|Any CPU.Build.0 = Release|Any CPU
	EndGlobalSection
	GlobalSection(SolutionProperties) = preSolution
		HideSolutionNode = FALSE
	EndGlobalSection
	GlobalSection(ExtensibilityGlobals) = postSolution
		SolutionGuid = {6D049189-DDA3-40FB-97AB-D4C851404435}
	EndGlobalSection
EndGlobal
